PODS:
  - Flutter (1.0.0)
  - flutter_barcode_scanner (0.0.1):
    - Flutter
  - native_device_orientation (0.0.1):
    - Flutter

DEPENDENCIES:
  - Flutter (from `Flutter`)
  - flutter_barcode_scanner (from `.symlinks/plugins/flutter_barcode_scanner/ios`)
  - native_device_orientation (from `.symlinks/plugins/native_device_orientation/ios`)

EXTERNAL SOURCES:
  Flutter:
    :path: Flutter
  flutter_barcode_scanner:
    :path: ".symlinks/plugins/flutter_barcode_scanner/ios"
  native_device_orientation:
    :path: ".symlinks/plugins/native_device_orientation/ios"

SPEC CHECKSUMS:
  Flutter: 0e3d915762c693b495b44d77113d4970485de6ec
  flutter_barcode_scanner: 4c83f64157b4294c27412c4dd4f7751f3fa9a904
  native_device_orientation: e24d00be281de72996640885d80e706142707660

PODFILE CHECKSUM: aafe91acc616949ddb318b77800a7f51bffa2a4c

COCOAPODS: 1.9.3
