PODS:
  - Flutter (1.0.0)
  - flutter_barcode_scanner (0.0.1):
    - Flutter
    - MTBBarcodeScanner
    - SwiftProtobuf
  - MTBBarcodeScanner (5.0.11)
  - native_device_orientation (0.0.1):
    - Flutter
  - SwiftProtobuf (1.12.0)

DEPENDENCIES:
  - Flutter (from `Flutter`)
  - flutter_barcode_scanner (from `.symlinks/plugins/flutter_barcode_scanner/ios`)
  - native_device_orientation (from `.symlinks/plugins/native_device_orientation/ios`)

SPEC REPOS:
  trunk:
    - MTBBarcodeScanner
    - SwiftProtobuf

EXTERNAL SOURCES:
  Flutter:
    :path: Flutter
  flutter_barcode_scanner:
    :path: ".symlinks/plugins/flutter_barcode_scanner/ios"
  native_device_orientation:
    :path: ".symlinks/plugins/native_device_orientation/ios"

SPEC CHECKSUMS:
  Flutter: 0e3d915762c693b495b44d77113d4970485de6ec
  flutter_barcode_scanner: 272fe5e7db8bb4930705ca6ae3b6e7e88fb11c90
  MTBBarcodeScanner: f453b33c4b7dfe545d8c6484ed744d55671788cb
  native_device_orientation: e24d00be281de72996640885d80e706142707660
  SwiftProtobuf: 4ef85479c18ca85b5482b343df9c319c62bda699

PODFILE CHECKSUM: aafe91acc616949ddb318b77800a7f51bffa2a4c

COCOAPODS: 1.9.3
